// !$*UTF8*$!
{
	archiveVersion = 1;
	classes = {
	};
	objectVersion = 54;
	objects = {

/* Begin PBXBuildFile section */
		04C0EB1027E957D900A89D14 /* NoRecordView.swift in Sources */ = {isa = PBXBuildFile; fileRef = 04C0EB0F27E957D900A89D14 /* NoRecordView.swift */; };
		04C0EB1127E957D900A89D14 /* NoRecordView.swift in Sources */ = {isa = PBXBuildFile; fileRef = 04C0EB0F27E957D900A89D14 /* NoRecordView.swift */; };
		04C0EB1227E957D900A89D14 /* NoRecordView.swift in Sources */ = {isa = PBXBuildFile; fileRef = 04C0EB0F27E957D900A89D14 /* NoRecordView.swift */; };
		04C0EB1727E957F500A89D14 /* NoRecordView.xib in Resources */ = {isa = PBXBuildFile; fileRef = 04C0EB1627E957F500A89D14 /* NoRecordView.xib */; };
		04C0EB1827E957F500A89D14 /* NoRecordView.xib in Resources */ = {isa = PBXBuildFile; fileRef = 04C0EB1627E957F500A89D14 /* NoRecordView.xib */; };
		04C0EB1927E957F500A89D14 /* NoRecordView.xib in Resources */ = {isa = PBXBuildFile; fileRef = 04C0EB1627E957F500A89D14 /* NoRecordView.xib */; };
		04C0EB1E27E95CBA00A89D14 /* CustomLayoutViewController.swift in Sources */ = {isa = PBXBuildFile; fileRef = 04C0EB1D27E95CBA00A89D14 /* CustomLayoutViewController.swift */; };
		04C0EB1F27E95CBA00A89D14 /* CustomLayoutViewController.swift in Sources */ = {isa = PBXBuildFile; fileRef = 04C0EB1D27E95CBA00A89D14 /* CustomLayoutViewController.swift */; };
		04C0EB2027E95CBA00A89D14 /* CustomLayoutViewController.swift in Sources */ = {isa = PBXBuildFile; fileRef = 04C0EB1D27E95CBA00A89D14 /* CustomLayoutViewController.swift */; };
		04FEC4B127E9788000BC834F /* AlertViewController.swift in Sources */ = {isa = PBXBuildFile; fileRef = 04FEC4B027E9788000BC834F /* AlertViewController.swift */; };
		04FEC4B227E9788000BC834F /* AlertViewController.swift in Sources */ = {isa = PBXBuildFile; fileRef = 04FEC4B027E9788000BC834F /* AlertViewController.swift */; };
		8810591E27E17662006CFD53 /* Enum.swift in Sources */ = {isa = PBXBuildFile; fileRef = 8810591D27E17662006CFD53 /* Enum.swift */; };
		8810592027E18A39006CFD53 /* WebViewController.swift in Sources */ = {isa = PBXBuildFile; fileRef = 8810591F27E18A39006CFD53 /* WebViewController.swift */; };
		8810592127E18A39006CFD53 /* WebViewController.swift in Sources */ = {isa = PBXBuildFile; fileRef = 8810591F27E18A39006CFD53 /* WebViewController.swift */; };
		8810592327E18E20006CFD53 /* SharedFunctions.swift in Sources */ = {isa = PBXBuildFile; fileRef = 8810592227E18E20006CFD53 /* SharedFunctions.swift */; };
		8810592427E18E20006CFD53 /* SharedFunctions.swift in Sources */ = {isa = PBXBuildFile; fileRef = 8810592227E18E20006CFD53 /* SharedFunctions.swift */; };
		8810592627E19468006CFD53 /* BiometricViewController.swift in Sources */ = {isa = PBXBuildFile; fileRef = 8810592527E19468006CFD53 /* BiometricViewController.swift */; };
		8810592727E19468006CFD53 /* BiometricViewController.swift in Sources */ = {isa = PBXBuildFile; fileRef = 8810592527E19468006CFD53 /* BiometricViewController.swift */; };
		88300E4E27C9C5150066F997 /* TrustKitHandler.swift in Sources */ = {isa = PBXBuildFile; fileRef = 88300E4D27C9C5150066F997 /* TrustKitHandler.swift */; };
		88300E5027C9C6610066F997 /* FetchApiRequest.swift in Sources */ = {isa = PBXBuildFile; fileRef = 88300E4F27C9C6610066F997 /* FetchApiRequest.swift */; };
		88527B2027CAA424000F6ECE /* Address.swift in Sources */ = {isa = PBXBuildFile; fileRef = 88527B1F27CAA424000F6ECE /* Address.swift */; };
		88527B2127CAA424000F6ECE /* Address.swift in Sources */ = {isa = PBXBuildFile; fileRef = 88527B1F27CAA424000F6ECE /* Address.swift */; };
		88527B2327CE64DA000F6ECE /* NetworkUtils.swift in Sources */ = {isa = PBXBuildFile; fileRef = 88527B2227CE64DA000F6ECE /* NetworkUtils.swift */; };
		88527B2427CE64DA000F6ECE /* NetworkUtils.swift in Sources */ = {isa = PBXBuildFile; fileRef = 88527B2227CE64DA000F6ECE /* NetworkUtils.swift */; };
		88527B2727CE7453000F6ECE /* AddressService.swift in Sources */ = {isa = PBXBuildFile; fileRef = 88527B2627CE7453000F6ECE /* AddressService.swift */; };
		88527B2827CE7453000F6ECE /* AddressService.swift in Sources */ = {isa = PBXBuildFile; fileRef = 88527B2627CE7453000F6ECE /* AddressService.swift */; };
		88527B2A27CE7925000F6ECE /* NetworkUrl.swift in Sources */ = {isa = PBXBuildFile; fileRef = 88527B2927CE7925000F6ECE /* NetworkUrl.swift */; };
		88527B2B27CE7925000F6ECE /* NetworkUrl.swift in Sources */ = {isa = PBXBuildFile; fileRef = 88527B2927CE7925000F6ECE /* NetworkUrl.swift */; };
		88527B2D27D1A3B5000F6ECE /* Film.swift in Sources */ = {isa = PBXBuildFile; fileRef = 88527B2C27D1A3B5000F6ECE /* Film.swift */; };
		88527B2E27D1A3B5000F6ECE /* Film.swift in Sources */ = {isa = PBXBuildFile; fileRef = 88527B2C27D1A3B5000F6ECE /* Film.swift */; };
		88527B3027D1AEFA000F6ECE /* Films.swift in Sources */ = {isa = PBXBuildFile; fileRef = 88527B2F27D1AEFA000F6ECE /* Films.swift */; };
		88527B3127D1AEFA000F6ECE /* Films.swift in Sources */ = {isa = PBXBuildFile; fileRef = 88527B2F27D1AEFA000F6ECE /* Films.swift */; };
		88527B3327D1B000000F6ECE /* FilmService.swift in Sources */ = {isa = PBXBuildFile; fileRef = 88527B3227D1B000000F6ECE /* FilmService.swift */; };
		88527B3427D1B000000F6ECE /* FilmService.swift in Sources */ = {isa = PBXBuildFile; fileRef = 88527B3227D1B000000F6ECE /* FilmService.swift */; };
		88527B3627D44329000F6ECE /* OptionsViewController.swift in Sources */ = {isa = PBXBuildFile; fileRef = 88527B3527D44329000F6ECE /* OptionsViewController.swift */; };
		88527B3727D44329000F6ECE /* OptionsViewController.swift in Sources */ = {isa = PBXBuildFile; fileRef = 88527B3527D44329000F6ECE /* OptionsViewController.swift */; };
		88B49FB227C88BB50093038C /* AppDelegate.swift in Sources */ = {isa = PBXBuildFile; fileRef = 88B49FB127C88BB50093038C /* AppDelegate.swift */; };
		88B49FB427C88BB50093038C /* SceneDelegate.swift in Sources */ = {isa = PBXBuildFile; fileRef = 88B49FB327C88BB50093038C /* SceneDelegate.swift */; };
		88B49FB627C88BB50093038C /* ViewController.swift in Sources */ = {isa = PBXBuildFile; fileRef = 88B49FB527C88BB50093038C /* ViewController.swift */; };
		88B49FB927C88BB50093038C /* Main.storyboard in Resources */ = {isa = PBXBuildFile; fileRef = 88B49FB727C88BB50093038C /* Main.storyboard */; };
		88B49FBB27C88BB80093038C /* Assets.xcassets in Resources */ = {isa = PBXBuildFile; fileRef = 88B49FBA27C88BB80093038C /* Assets.xcassets */; };
		88B49FBE27C88BB80093038C /* LaunchScreen.storyboard in Resources */ = {isa = PBXBuildFile; fileRef = 88B49FBC27C88BB80093038C /* LaunchScreen.storyboard */; };
		88B49FC927C88BB80093038C /* swift_dev_labTests.swift in Sources */ = {isa = PBXBuildFile; fileRef = 88B49FC827C88BB80093038C /* swift_dev_labTests.swift */; };
		88B49FD327C88BB80093038C /* swift_dev_labUITests.swift in Sources */ = {isa = PBXBuildFile; fileRef = 88B49FD227C88BB80093038C /* swift_dev_labUITests.swift */; };
		88B49FD527C88BB80093038C /* swift_dev_labUITestsLaunchTests.swift in Sources */ = {isa = PBXBuildFile; fileRef = 88B49FD427C88BB80093038C /* swift_dev_labUITestsLaunchTests.swift */; };
		AB6CBCED75DE36747BC07BB3 /* Pods_swift_dev_lab.framework in Frameworks */ = {isa = PBXBuildFile; fileRef = A04D6DCA79DECC183AB3FAAB /* Pods_swift_dev_lab.framework */; };
/* End PBXBuildFile section */

/* Begin PBXContainerItemProxy section */
		88B49FC527C88BB80093038C /* PBXContainerItemProxy */ = {
			isa = PBXContainerItemProxy;
			containerPortal = 88B49FA627C88BB50093038C /* Project object */;
			proxyType = 1;
			remoteGlobalIDString = 88B49FAD27C88BB50093038C;
			remoteInfo = "swift-dev-lab";
		};
		88B49FCF27C88BB80093038C /* PBXContainerItemProxy */ = {
			isa = PBXContainerItemProxy;
			containerPortal = 88B49FA627C88BB50093038C /* Project object */;
			proxyType = 1;
			remoteGlobalIDString = 88B49FAD27C88BB50093038C;
			remoteInfo = "swift-dev-lab";
		};
/* End PBXContainerItemProxy section */

/* Begin PBXFileReference section */
		04C0EB0F27E957D900A89D14 /* NoRecordView.swift */ = {isa = PBXFileReference; lastKnownFileType = sourcecode.swift; path = NoRecordView.swift; sourceTree = "<group>"; };
		04C0EB1627E957F500A89D14 /* NoRecordView.xib */ = {isa = PBXFileReference; lastKnownFileType = file.xib; path = NoRecordView.xib; sourceTree = "<group>"; };
		04C0EB1D27E95CBA00A89D14 /* CustomLayoutViewController.swift */ = {isa = PBXFileReference; lastKnownFileType = sourcecode.swift; path = CustomLayoutViewController.swift; sourceTree = "<group>"; };
		04FEC4B027E9788000BC834F /* AlertViewController.swift */ = {isa = PBXFileReference; lastKnownFileType = sourcecode.swift; path = AlertViewController.swift; sourceTree = "<group>"; };
		6E564E27CBF2667F7265B453 /* Pods-swift-dev-lab.debug.xcconfig */ = {isa = PBXFileReference; includeInIndex = 1; lastKnownFileType = text.xcconfig; name = "Pods-swift-dev-lab.debug.xcconfig"; path = "Target Support Files/Pods-swift-dev-lab/Pods-swift-dev-lab.debug.xcconfig"; sourceTree = "<group>"; };
		8810591D27E17662006CFD53 /* Enum.swift */ = {isa = PBXFileReference; lastKnownFileType = sourcecode.swift; path = Enum.swift; sourceTree = "<group>"; };
		8810591F27E18A39006CFD53 /* WebViewController.swift */ = {isa = PBXFileReference; lastKnownFileType = sourcecode.swift; path = WebViewController.swift; sourceTree = "<group>"; };
		8810592227E18E20006CFD53 /* SharedFunctions.swift */ = {isa = PBXFileReference; lastKnownFileType = sourcecode.swift; path = SharedFunctions.swift; sourceTree = "<group>"; };
		8810592527E19468006CFD53 /* BiometricViewController.swift */ = {isa = PBXFileReference; lastKnownFileType = sourcecode.swift; path = BiometricViewController.swift; sourceTree = "<group>"; };
		88300E4D27C9C5150066F997 /* TrustKitHandler.swift */ = {isa = PBXFileReference; lastKnownFileType = sourcecode.swift; path = TrustKitHandler.swift; sourceTree = "<group>"; };
		88300E4F27C9C6610066F997 /* FetchApiRequest.swift */ = {isa = PBXFileReference; lastKnownFileType = sourcecode.swift; path = FetchApiRequest.swift; sourceTree = "<group>"; };
		88527B1F27CAA424000F6ECE /* Address.swift */ = {isa = PBXFileReference; lastKnownFileType = sourcecode.swift; path = Address.swift; sourceTree = "<group>"; };
		88527B2227CE64DA000F6ECE /* NetworkUtils.swift */ = {isa = PBXFileReference; lastKnownFileType = sourcecode.swift; path = NetworkUtils.swift; sourceTree = "<group>"; };
		88527B2627CE7453000F6ECE /* AddressService.swift */ = {isa = PBXFileReference; lastKnownFileType = sourcecode.swift; path = AddressService.swift; sourceTree = "<group>"; };
		88527B2927CE7925000F6ECE /* NetworkUrl.swift */ = {isa = PBXFileReference; lastKnownFileType = sourcecode.swift; path = NetworkUrl.swift; sourceTree = "<group>"; };
		88527B2C27D1A3B5000F6ECE /* Film.swift */ = {isa = PBXFileReference; lastKnownFileType = sourcecode.swift; path = Film.swift; sourceTree = "<group>"; };
		88527B2F27D1AEFA000F6ECE /* Films.swift */ = {isa = PBXFileReference; lastKnownFileType = sourcecode.swift; path = Films.swift; sourceTree = "<group>"; };
		88527B3227D1B000000F6ECE /* FilmService.swift */ = {isa = PBXFileReference; lastKnownFileType = sourcecode.swift; path = FilmService.swift; sourceTree = "<group>"; };
		88527B3527D44329000F6ECE /* OptionsViewController.swift */ = {isa = PBXFileReference; lastKnownFileType = sourcecode.swift; path = OptionsViewController.swift; sourceTree = "<group>"; };
		88B49FAE27C88BB50093038C /* swift-dev-lab.app */ = {isa = PBXFileReference; explicitFileType = wrapper.application; includeInIndex = 0; path = "swift-dev-lab.app"; sourceTree = BUILT_PRODUCTS_DIR; };
		88B49FB127C88BB50093038C /* AppDelegate.swift */ = {isa = PBXFileReference; lastKnownFileType = sourcecode.swift; path = AppDelegate.swift; sourceTree = "<group>"; };
		88B49FB327C88BB50093038C /* SceneDelegate.swift */ = {isa = PBXFileReference; lastKnownFileType = sourcecode.swift; path = SceneDelegate.swift; sourceTree = "<group>"; };
		88B49FB527C88BB50093038C /* ViewController.swift */ = {isa = PBXFileReference; lastKnownFileType = sourcecode.swift; path = ViewController.swift; sourceTree = "<group>"; };
		88B49FB827C88BB50093038C /* Base */ = {isa = PBXFileReference; lastKnownFileType = file.storyboard; name = Base; path = Base.lproj/Main.storyboard; sourceTree = "<group>"; };
		88B49FBA27C88BB80093038C /* Assets.xcassets */ = {isa = PBXFileReference; lastKnownFileType = folder.assetcatalog; path = Assets.xcassets; sourceTree = "<group>"; };
		88B49FBD27C88BB80093038C /* Base */ = {isa = PBXFileReference; lastKnownFileType = file.storyboard; name = Base; path = Base.lproj/LaunchScreen.storyboard; sourceTree = "<group>"; };
		88B49FBF27C88BB80093038C /* Info.plist */ = {isa = PBXFileReference; lastKnownFileType = text.plist.xml; path = Info.plist; sourceTree = "<group>"; };
		88B49FC427C88BB80093038C /* swift-dev-labTests.xctest */ = {isa = PBXFileReference; explicitFileType = wrapper.cfbundle; includeInIndex = 0; path = "swift-dev-labTests.xctest"; sourceTree = BUILT_PRODUCTS_DIR; };
		88B49FC827C88BB80093038C /* swift_dev_labTests.swift */ = {isa = PBXFileReference; lastKnownFileType = sourcecode.swift; path = swift_dev_labTests.swift; sourceTree = "<group>"; };
		88B49FCE27C88BB80093038C /* swift-dev-labUITests.xctest */ = {isa = PBXFileReference; explicitFileType = wrapper.cfbundle; includeInIndex = 0; path = "swift-dev-labUITests.xctest"; sourceTree = BUILT_PRODUCTS_DIR; };
		88B49FD227C88BB80093038C /* swift_dev_labUITests.swift */ = {isa = PBXFileReference; lastKnownFileType = sourcecode.swift; path = swift_dev_labUITests.swift; sourceTree = "<group>"; };
		88B49FD427C88BB80093038C /* swift_dev_labUITestsLaunchTests.swift */ = {isa = PBXFileReference; lastKnownFileType = sourcecode.swift; path = swift_dev_labUITestsLaunchTests.swift; sourceTree = "<group>"; };
		A04D6DCA79DECC183AB3FAAB /* Pods_swift_dev_lab.framework */ = {isa = PBXFileReference; explicitFileType = wrapper.framework; includeInIndex = 0; path = Pods_swift_dev_lab.framework; sourceTree = BUILT_PRODUCTS_DIR; };
		C08212E309A3668349FD3C06 /* Pods-swift-dev-lab.release.xcconfig */ = {isa = PBXFileReference; includeInIndex = 1; lastKnownFileType = text.xcconfig; name = "Pods-swift-dev-lab.release.xcconfig"; path = "Target Support Files/Pods-swift-dev-lab/Pods-swift-dev-lab.release.xcconfig"; sourceTree = "<group>"; };
/* End PBXFileReference section */

/* Begin PBXFrameworksBuildPhase section */
		88B49FAB27C88BB50093038C /* Frameworks */ = {
			isa = PBXFrameworksBuildPhase;
			buildActionMask = 2147483647;
			files = (
				AB6CBCED75DE36747BC07BB3 /* Pods_swift_dev_lab.framework in Frameworks */,
			);
			runOnlyForDeploymentPostprocessing = 0;
		};
		88B49FC127C88BB80093038C /* Frameworks */ = {
			isa = PBXFrameworksBuildPhase;
			buildActionMask = 2147483647;
			files = (
			);
			runOnlyForDeploymentPostprocessing = 0;
		};
		88B49FCB27C88BB80093038C /* Frameworks */ = {
			isa = PBXFrameworksBuildPhase;
			buildActionMask = 2147483647;
			files = (
			);
			runOnlyForDeploymentPostprocessing = 0;
		};
/* End PBXFrameworksBuildPhase section */

/* Begin PBXGroup section */
		04C0EAF427E820C400A89D14 /* NoRecordView */ = {
			isa = PBXGroup;
			children = (
				04C0EB0F27E957D900A89D14 /* NoRecordView.swift */,
				04C0EB1627E957F500A89D14 /* NoRecordView.xib */,
			);
			path = NoRecordView;
			sourceTree = "<group>";
		};
		8810591C27E1764C006CFD53 /* shared */ = {
			isa = PBXGroup;
			children = (
				8810591D27E17662006CFD53 /* Enum.swift */,
				8810592227E18E20006CFD53 /* SharedFunctions.swift */,
			);
			path = shared;
			sourceTree = "<group>";
		};
		88527B2527CE743D000F6ECE /* service */ = {
			isa = PBXGroup;
			children = (
				88527B2627CE7453000F6ECE /* AddressService.swift */,
				88527B3227D1B000000F6ECE /* FilmService.swift */,
			);
			path = service;
			sourceTree = "<group>";
		};
		88B49FA527C88BB50093038C = {
			isa = PBXGroup;
			children = (
				88B49FB027C88BB50093038C /* swift-dev-lab */,
				88B49FC727C88BB80093038C /* swift-dev-labTests */,
				88B49FD127C88BB80093038C /* swift-dev-labUITests */,
				88B49FAF27C88BB50093038C /* Products */,
				B7B2B6BB0663DDE25E5B942D /* Pods */,
				B1C243390AAAF6EEFE435EB9 /* Frameworks */,
			);
			sourceTree = "<group>";
		};
		88B49FAF27C88BB50093038C /* Products */ = {
			isa = PBXGroup;
			children = (
				88B49FAE27C88BB50093038C /* swift-dev-lab.app */,
				88B49FC427C88BB80093038C /* swift-dev-labTests.xctest */,
				88B49FCE27C88BB80093038C /* swift-dev-labUITests.xctest */,
			);
			name = Products;
			sourceTree = "<group>";
		};
		88B49FB027C88BB50093038C /* swift-dev-lab */ = {
			isa = PBXGroup;
			children = (
				04C0EAF427E820C400A89D14 /* NoRecordView */,
				8810591C27E1764C006CFD53 /* shared */,
				88527B2527CE743D000F6ECE /* service */,
				88B49FE727C908770093038C /* model */,
				88B49FE627C908650093038C /* controller */,
				88B49FE527C908420093038C /* network */,
				88B49FB127C88BB50093038C /* AppDelegate.swift */,
				88B49FB327C88BB50093038C /* SceneDelegate.swift */,
				04FEC4B027E9788000BC834F /* AlertViewController.swift */,
				8810592527E19468006CFD53 /* BiometricViewController.swift */,
				04C0EB1D27E95CBA00A89D14 /* CustomLayoutViewController.swift */,
				88527B3527D44329000F6ECE /* OptionsViewController.swift */,
				88B49FB527C88BB50093038C /* ViewController.swift */,
				8810591F27E18A39006CFD53 /* WebViewController.swift */,
				88B49FB727C88BB50093038C /* Main.storyboard */,
				88B49FBA27C88BB80093038C /* Assets.xcassets */,
				88B49FBC27C88BB80093038C /* LaunchScreen.storyboard */,
				88B49FBF27C88BB80093038C /* Info.plist */,
			);
			path = "swift-dev-lab";
			sourceTree = "<group>";
		};
		88B49FC727C88BB80093038C /* swift-dev-labTests */ = {
			isa = PBXGroup;
			children = (
				88B49FC827C88BB80093038C /* swift_dev_labTests.swift */,
			);
			path = "swift-dev-labTests";
			sourceTree = "<group>";
		};
		88B49FD127C88BB80093038C /* swift-dev-labUITests */ = {
			isa = PBXGroup;
			children = (
				88B49FD227C88BB80093038C /* swift_dev_labUITests.swift */,
				88B49FD427C88BB80093038C /* swift_dev_labUITestsLaunchTests.swift */,
			);
			path = "swift-dev-labUITests";
			sourceTree = "<group>";
		};
		88B49FE527C908420093038C /* network */ = {
			isa = PBXGroup;
			children = (
				88300E4D27C9C5150066F997 /* TrustKitHandler.swift */,
				88300E4F27C9C6610066F997 /* FetchApiRequest.swift */,
				88527B2227CE64DA000F6ECE /* NetworkUtils.swift */,
				88527B2927CE7925000F6ECE /* NetworkUrl.swift */,
			);
			path = network;
			sourceTree = "<group>";
		};
		88B49FE627C908650093038C /* controller */ = {
			isa = PBXGroup;
			children = (
			);
			path = controller;
			sourceTree = "<group>";
		};
		88B49FE727C908770093038C /* model */ = {
			isa = PBXGroup;
			children = (
				88527B1F27CAA424000F6ECE /* Address.swift */,
				88527B2C27D1A3B5000F6ECE /* Film.swift */,
				88527B2F27D1AEFA000F6ECE /* Films.swift */,
			);
			path = model;
			sourceTree = "<group>";
		};
		B1C243390AAAF6EEFE435EB9 /* Frameworks */ = {
			isa = PBXGroup;
			children = (
				A04D6DCA79DECC183AB3FAAB /* Pods_swift_dev_lab.framework */,
			);
			name = Frameworks;
			sourceTree = "<group>";
		};
		B7B2B6BB0663DDE25E5B942D /* Pods */ = {
			isa = PBXGroup;
			children = (
				6E564E27CBF2667F7265B453 /* Pods-swift-dev-lab.debug.xcconfig */,
				C08212E309A3668349FD3C06 /* Pods-swift-dev-lab.release.xcconfig */,
			);
			path = Pods;
			sourceTree = "<group>";
		};
/* End PBXGroup section */

/* Begin PBXNativeTarget section */
		88B49FAD27C88BB50093038C /* swift-dev-lab */ = {
			isa = PBXNativeTarget;
			buildConfigurationList = 88B49FD827C88BB80093038C /* Build configuration list for PBXNativeTarget "swift-dev-lab" */;
			buildPhases = (
				5D6DD13C30F281CEC2365F22 /* [CP] Check Pods Manifest.lock */,
				88B49FAA27C88BB50093038C /* Sources */,
				88B49FAB27C88BB50093038C /* Frameworks */,
				88B49FAC27C88BB50093038C /* Resources */,
				65862B43F58AFB69B80AEFC0 /* [CP] Embed Pods Frameworks */,
			);
			buildRules = (
			);
			dependencies = (
			);
			name = "swift-dev-lab";
			productName = "swift-dev-lab";
			productReference = 88B49FAE27C88BB50093038C /* swift-dev-lab.app */;
			productType = "com.apple.product-type.application";
		};
		88B49FC327C88BB80093038C /* swift-dev-labTests */ = {
			isa = PBXNativeTarget;
			buildConfigurationList = 88B49FDB27C88BB80093038C /* Build configuration list for PBXNativeTarget "swift-dev-labTests" */;
			buildPhases = (
				88B49FC027C88BB80093038C /* Sources */,
				88B49FC127C88BB80093038C /* Frameworks */,
				88B49FC227C88BB80093038C /* Resources */,
			);
			buildRules = (
			);
			dependencies = (
				88B49FC627C88BB80093038C /* PBXTargetDependency */,
			);
			name = "swift-dev-labTests";
			productName = "swift-dev-labTests";
			productReference = 88B49FC427C88BB80093038C /* swift-dev-labTests.xctest */;
			productType = "com.apple.product-type.bundle.unit-test";
		};
		88B49FCD27C88BB80093038C /* swift-dev-labUITests */ = {
			isa = PBXNativeTarget;
			buildConfigurationList = 88B49FDE27C88BB80093038C /* Build configuration list for PBXNativeTarget "swift-dev-labUITests" */;
			buildPhases = (
				88B49FCA27C88BB80093038C /* Sources */,
				88B49FCB27C88BB80093038C /* Frameworks */,
				88B49FCC27C88BB80093038C /* Resources */,
			);
			buildRules = (
			);
			dependencies = (
				88B49FD027C88BB80093038C /* PBXTargetDependency */,
			);
			name = "swift-dev-labUITests";
			productName = "swift-dev-labUITests";
			productReference = 88B49FCE27C88BB80093038C /* swift-dev-labUITests.xctest */;
			productType = "com.apple.product-type.bundle.ui-testing";
		};
/* End PBXNativeTarget section */

/* Begin PBXProject section */
		88B49FA627C88BB50093038C /* Project object */ = {
			isa = PBXProject;
			attributes = {
				BuildIndependentTargetsInParallel = 1;
				LastSwiftUpdateCheck = 1300;
				LastUpgradeCheck = 1300;
				TargetAttributes = {
					88B49FAD27C88BB50093038C = {
						CreatedOnToolsVersion = 13.0;
					};
					88B49FC327C88BB80093038C = {
						CreatedOnToolsVersion = 13.0;
						TestTargetID = 88B49FAD27C88BB50093038C;
					};
					88B49FCD27C88BB80093038C = {
						CreatedOnToolsVersion = 13.0;
						TestTargetID = 88B49FAD27C88BB50093038C;
					};
				};
			};
			buildConfigurationList = 88B49FA927C88BB50093038C /* Build configuration list for PBXProject "swift-dev-lab" */;
			compatibilityVersion = "Xcode 12.0";
			developmentRegion = en;
			hasScannedForEncodings = 0;
			knownRegions = (
				en,
				Base,
			);
			mainGroup = 88B49FA527C88BB50093038C;
			productRefGroup = 88B49FAF27C88BB50093038C /* Products */;
			projectDirPath = "";
			projectRoot = "";
			targets = (
				88B49FAD27C88BB50093038C /* swift-dev-lab */,
				88B49FC327C88BB80093038C /* swift-dev-labTests */,
				88B49FCD27C88BB80093038C /* swift-dev-labUITests */,
			);
		};
/* End PBXProject section */

/* Begin PBXResourcesBuildPhase section */
		88B49FAC27C88BB50093038C /* Resources */ = {
			isa = PBXResourcesBuildPhase;
			buildActionMask = 2147483647;
			files = (
				04C0EB1727E957F500A89D14 /* NoRecordView.xib in Resources */,
				88B49FBE27C88BB80093038C /* LaunchScreen.storyboard in Resources */,
				88B49FBB27C88BB80093038C /* Assets.xcassets in Resources */,
				88B49FB927C88BB50093038C /* Main.storyboard in Resources */,
			);
			runOnlyForDeploymentPostprocessing = 0;
		};
		88B49FC227C88BB80093038C /* Resources */ = {
			isa = PBXResourcesBuildPhase;
			buildActionMask = 2147483647;
			files = (
				04C0EB1827E957F500A89D14 /* NoRecordView.xib in Resources */,
			);
			runOnlyForDeploymentPostprocessing = 0;
		};
		88B49FCC27C88BB80093038C /* Resources */ = {
			isa = PBXResourcesBuildPhase;
			buildActionMask = 2147483647;
			files = (
				04C0EB1927E957F500A89D14 /* NoRecordView.xib in Resources */,
			);
			runOnlyForDeploymentPostprocessing = 0;
		};
/* End PBXResourcesBuildPhase section */

/* Begin PBXShellScriptBuildPhase section */
		5D6DD13C30F281CEC2365F22 /* [CP] Check Pods Manifest.lock */ = {
			isa = PBXShellScriptBuildPhase;
			buildActionMask = 2147483647;
			files = (
			);
			inputFileListPaths = (
			);
			inputPaths = (
				"${PODS_PODFILE_DIR_PATH}/Podfile.lock",
				"${PODS_ROOT}/Manifest.lock",
			);
			name = "[CP] Check Pods Manifest.lock";
			outputFileListPaths = (
			);
			outputPaths = (
				"$(DERIVED_FILE_DIR)/Pods-swift-dev-lab-checkManifestLockResult.txt",
			);
			runOnlyForDeploymentPostprocessing = 0;
			shellPath = /bin/sh;
			shellScript = "diff \"${PODS_PODFILE_DIR_PATH}/Podfile.lock\" \"${PODS_ROOT}/Manifest.lock\" > /dev/null\nif [ $? != 0 ] ; then\n    # print error to STDERR\n    echo \"error: The sandbox is not in sync with the Podfile.lock. Run 'pod install' or update your CocoaPods installation.\" >&2\n    exit 1\nfi\n# This output is used by Xcode 'outputs' to avoid re-running this script phase.\necho \"SUCCESS\" > \"${SCRIPT_OUTPUT_FILE_0}\"\n";
			showEnvVarsInLog = 0;
		};
		65862B43F58AFB69B80AEFC0 /* [CP] Embed Pods Frameworks */ = {
			isa = PBXShellScriptBuildPhase;
			buildActionMask = 2147483647;
			files = (
			);
			inputFileListPaths = (
				"${PODS_ROOT}/Target Support Files/Pods-swift-dev-lab/Pods-swift-dev-lab-frameworks-${CONFIGURATION}-input-files.xcfilelist",
			);
			name = "[CP] Embed Pods Frameworks";
			outputFileListPaths = (
				"${PODS_ROOT}/Target Support Files/Pods-swift-dev-lab/Pods-swift-dev-lab-frameworks-${CONFIGURATION}-output-files.xcfilelist",
			);
			runOnlyForDeploymentPostprocessing = 0;
			shellPath = /bin/sh;
			shellScript = "\"${PODS_ROOT}/Target Support Files/Pods-swift-dev-lab/Pods-swift-dev-lab-frameworks.sh\"\n";
			showEnvVarsInLog = 0;
		};
/* End PBXShellScriptBuildPhase section */

/* Begin PBXSourcesBuildPhase section */
		88B49FAA27C88BB50093038C /* Sources */ = {
			isa = PBXSourcesBuildPhase;
			buildActionMask = 2147483647;
			files = (
				8810592327E18E20006CFD53 /* SharedFunctions.swift in Sources */,
				88527B3027D1AEFA000F6ECE /* Films.swift in Sources */,
				04C0EB1E27E95CBA00A89D14 /* CustomLayoutViewController.swift in Sources */,
				04FEC4B127E9788000BC834F /* AlertViewController.swift in Sources */,
				88527B2027CAA424000F6ECE /* Address.swift in Sources */,
				88527B2D27D1A3B5000F6ECE /* Film.swift in Sources */,
				88527B2A27CE7925000F6ECE /* NetworkUrl.swift in Sources */,
				8810591E27E17662006CFD53 /* Enum.swift in Sources */,
				04C0EB1027E957D900A89D14 /* NoRecordView.swift in Sources */,
				8810592627E19468006CFD53 /* BiometricViewController.swift in Sources */,
				88300E4E27C9C5150066F997 /* TrustKitHandler.swift in Sources */,
				88B49FB627C88BB50093038C /* ViewController.swift in Sources */,
				88300E5027C9C6610066F997 /* FetchApiRequest.swift in Sources */,
				88B49FB227C88BB50093038C /* AppDelegate.swift in Sources */,
				88527B3627D44329000F6ECE /* OptionsViewController.swift in Sources */,
				88527B2327CE64DA000F6ECE /* NetworkUtils.swift in Sources */,
				88527B3327D1B000000F6ECE /* FilmService.swift in Sources */,
				88527B2727CE7453000F6ECE /* AddressService.swift in Sources */,
				8810592027E18A39006CFD53 /* WebViewController.swift in Sources */,
				88B49FB427C88BB50093038C /* SceneDelegate.swift in Sources */,
			);
			runOnlyForDeploymentPostprocessing = 0;
		};
		88B49FC027C88BB80093038C /* Sources */ = {
			isa = PBXSourcesBuildPhase;
			buildActionMask = 2147483647;
			files = (
				04C0EB1F27E95CBA00A89D14 /* CustomLayoutViewController.swift in Sources */,
				88527B2127CAA424000F6ECE /* Address.swift in Sources */,
				88527B2E27D1A3B5000F6ECE /* Film.swift in Sources */,
				88527B2427CE64DA000F6ECE /* NetworkUtils.swift in Sources */,
				8810592127E18A39006CFD53 /* WebViewController.swift in Sources */,
				88527B3727D44329000F6ECE /* OptionsViewController.swift in Sources */,
				88527B3127D1AEFA000F6ECE /* Films.swift in Sources */,
				04C0EB1127E957D900A89D14 /* NoRecordView.swift in Sources */,
				88527B2827CE7453000F6ECE /* AddressService.swift in Sources */,
				8810592427E18E20006CFD53 /* SharedFunctions.swift in Sources */,
				88527B3427D1B000000F6ECE /* FilmService.swift in Sources */,
				8810592727E19468006CFD53 /* BiometricViewController.swift in Sources */,
				88527B2B27CE7925000F6ECE /* NetworkUrl.swift in Sources */,
				04FEC4B227E9788000BC834F /* AlertViewController.swift in Sources */,
				88B49FC927C88BB80093038C /* swift_dev_labTests.swift in Sources */,
			);
			runOnlyForDeploymentPostprocessing = 0;
		};
		88B49FCA27C88BB80093038C /* Sources */ = {
			isa = PBXSourcesBuildPhase;
			buildActionMask = 2147483647;
			files = (
				04C0EB1227E957D900A89D14 /* NoRecordView.swift in Sources */,
				88B49FD527C88BB80093038C /* swift_dev_labUITestsLaunchTests.swift in Sources */,
				04C0EB2027E95CBA00A89D14 /* CustomLayoutViewController.swift in Sources */,
				88B49FD327C88BB80093038C /* swift_dev_labUITests.swift in Sources */,
			);
			runOnlyForDeploymentPostprocessing = 0;
		};
/* End PBXSourcesBuildPhase section */

/* Begin PBXTargetDependency section */
		88B49FC627C88BB80093038C /* PBXTargetDependency */ = {
			isa = PBXTargetDependency;
			target = 88B49FAD27C88BB50093038C /* swift-dev-lab */;
			targetProxy = 88B49FC527C88BB80093038C /* PBXContainerItemProxy */;
		};
		88B49FD027C88BB80093038C /* PBXTargetDependency */ = {
			isa = PBXTargetDependency;
			target = 88B49FAD27C88BB50093038C /* swift-dev-lab */;
			targetProxy = 88B49FCF27C88BB80093038C /* PBXContainerItemProxy */;
		};
/* End PBXTargetDependency section */

/* Begin PBXVariantGroup section */
		88B49FB727C88BB50093038C /* Main.storyboard */ = {
			isa = PBXVariantGroup;
			children = (
				88B49FB827C88BB50093038C /* Base */,
			);
			name = Main.storyboard;
			sourceTree = "<group>";
		};
		88B49FBC27C88BB80093038C /* LaunchScreen.storyboard */ = {
			isa = PBXVariantGroup;
			children = (
				88B49FBD27C88BB80093038C /* Base */,
			);
			name = LaunchScreen.storyboard;
			sourceTree = "<group>";
		};
/* End PBXVariantGroup section */

/* Begin XCBuildConfiguration section */
		88B49FD627C88BB80093038C /* Debug */ = {
			isa = XCBuildConfiguration;
			buildSettings = {
				ALWAYS_SEARCH_USER_PATHS = NO;
				CLANG_ANALYZER_NONNULL = YES;
				CLANG_ANALYZER_NUMBER_OBJECT_CONVERSION = YES_AGGRESSIVE;
				CLANG_CXX_LANGUAGE_STANDARD = "gnu++17";
				CLANG_CXX_LIBRARY = "libc++";
				CLANG_ENABLE_MODULES = YES;
				CLANG_ENABLE_OBJC_ARC = YES;
				CLANG_ENABLE_OBJC_WEAK = YES;
				CLANG_WARN_BLOCK_CAPTURE_AUTORELEASING = YES;
				CLANG_WARN_BOOL_CONVERSION = YES;
				CLANG_WARN_COMMA = YES;
				CLANG_WARN_CONSTANT_CONVERSION = YES;
				CLANG_WARN_DEPRECATED_OBJC_IMPLEMENTATIONS = YES;
				CLANG_WARN_DIRECT_OBJC_ISA_USAGE = YES_ERROR;
				CLANG_WARN_DOCUMENTATION_COMMENTS = YES;
				CLANG_WARN_EMPTY_BODY = YES;
				CLANG_WARN_ENUM_CONVERSION = YES;
				CLANG_WARN_INFINITE_RECURSION = YES;
				CLANG_WARN_INT_CONVERSION = YES;
				CLANG_WARN_NON_LITERAL_NULL_CONVERSION = YES;
				CLANG_WARN_OBJC_IMPLICIT_RETAIN_SELF = YES;
				CLANG_WARN_OBJC_LITERAL_CONVERSION = YES;
				CLANG_WARN_OBJC_ROOT_CLASS = YES_ERROR;
				CLANG_WARN_QUOTED_INCLUDE_IN_FRAMEWORK_HEADER = YES;
				CLANG_WARN_RANGE_LOOP_ANALYSIS = YES;
				CLANG_WARN_STRICT_PROTOTYPES = YES;
				CLANG_WARN_SUSPICIOUS_MOVE = YES;
				CLANG_WARN_UNGUARDED_AVAILABILITY = YES_AGGRESSIVE;
				CLANG_WARN_UNREACHABLE_CODE = YES;
				CLANG_WARN__DUPLICATE_METHOD_MATCH = YES;
				COPY_PHASE_STRIP = NO;
				DEBUG_INFORMATION_FORMAT = dwarf;
				ENABLE_STRICT_OBJC_MSGSEND = YES;
				ENABLE_TESTABILITY = YES;
				GCC_C_LANGUAGE_STANDARD = gnu11;
				GCC_DYNAMIC_NO_PIC = NO;
				GCC_NO_COMMON_BLOCKS = YES;
				GCC_OPTIMIZATION_LEVEL = 0;
				GCC_PREPROCESSOR_DEFINITIONS = (
					"DEBUG=1",
					"$(inherited)",
				);
				GCC_WARN_64_TO_32_BIT_CONVERSION = YES;
				GCC_WARN_ABOUT_RETURN_TYPE = YES_ERROR;
				GCC_WARN_UNDECLARED_SELECTOR = YES;
				GCC_WARN_UNINITIALIZED_AUTOS = YES_AGGRESSIVE;
				GCC_WARN_UNUSED_FUNCTION = YES;
				GCC_WARN_UNUSED_VARIABLE = YES;
				IPHONEOS_DEPLOYMENT_TARGET = 15.0;
				MTL_ENABLE_DEBUG_INFO = INCLUDE_SOURCE;
				MTL_FAST_MATH = YES;
				ONLY_ACTIVE_ARCH = YES;
				SDKROOT = iphoneos;
				SWIFT_ACTIVE_COMPILATION_CONDITIONS = DEBUG;
				SWIFT_OPTIMIZATION_LEVEL = "-Onone";
			};
			name = Debug;
		};
		88B49FD727C88BB80093038C /* Release */ = {
			isa = XCBuildConfiguration;
			buildSettings = {
				ALWAYS_SEARCH_USER_PATHS = NO;
				CLANG_ANALYZER_NONNULL = YES;
				CLANG_ANALYZER_NUMBER_OBJECT_CONVERSION = YES_AGGRESSIVE;
				CLANG_CXX_LANGUAGE_STANDARD = "gnu++17";
				CLANG_CXX_LIBRARY = "libc++";
				CLANG_ENABLE_MODULES = YES;
				CLANG_ENABLE_OBJC_ARC = YES;
				CLANG_ENABLE_OBJC_WEAK = YES;
				CLANG_WARN_BLOCK_CAPTURE_AUTORELEASING = YES;
				CLANG_WARN_BOOL_CONVERSION = YES;
				CLANG_WARN_COMMA = YES;
				CLANG_WARN_CONSTANT_CONVERSION = YES;
				CLANG_WARN_DEPRECATED_OBJC_IMPLEMENTATIONS = YES;
				CLANG_WARN_DIRECT_OBJC_ISA_USAGE = YES_ERROR;
				CLANG_WARN_DOCUMENTATION_COMMENTS = YES;
				CLANG_WARN_EMPTY_BODY = YES;
				CLANG_WARN_ENUM_CONVERSION = YES;
				CLANG_WARN_INFINITE_RECURSION = YES;
				CLANG_WARN_INT_CONVERSION = YES;
				CLANG_WARN_NON_LITERAL_NULL_CONVERSION = YES;
				CLANG_WARN_OBJC_IMPLICIT_RETAIN_SELF = YES;
				CLANG_WARN_OBJC_LITERAL_CONVERSION = YES;
				CLANG_WARN_OBJC_ROOT_CLASS = YES_ERROR;
				CLANG_WARN_QUOTED_INCLUDE_IN_FRAMEWORK_HEADER = YES;
				CLANG_WARN_RANGE_LOOP_ANALYSIS = YES;
				CLANG_WARN_STRICT_PROTOTYPES = YES;
				CLANG_WARN_SUSPICIOUS_MOVE = YES;
				CLANG_WARN_UNGUARDED_AVAILABILITY = YES_AGGRESSIVE;
				CLANG_WARN_UNREACHABLE_CODE = YES;
				CLANG_WARN__DUPLICATE_METHOD_MATCH = YES;
				COPY_PHASE_STRIP = NO;
				DEBUG_INFORMATION_FORMAT = "dwarf-with-dsym";
				ENABLE_NS_ASSERTIONS = NO;
				ENABLE_STRICT_OBJC_MSGSEND = YES;
				GCC_C_LANGUAGE_STANDARD = gnu11;
				GCC_NO_COMMON_BLOCKS = YES;
				GCC_WARN_64_TO_32_BIT_CONVERSION = YES;
				GCC_WARN_ABOUT_RETURN_TYPE = YES_ERROR;
				GCC_WARN_UNDECLARED_SELECTOR = YES;
				GCC_WARN_UNINITIALIZED_AUTOS = YES_AGGRESSIVE;
				GCC_WARN_UNUSED_FUNCTION = YES;
				GCC_WARN_UNUSED_VARIABLE = YES;
				IPHONEOS_DEPLOYMENT_TARGET = 15.0;
				MTL_ENABLE_DEBUG_INFO = NO;
				MTL_FAST_MATH = YES;
				SDKROOT = iphoneos;
				SWIFT_COMPILATION_MODE = wholemodule;
				SWIFT_OPTIMIZATION_LEVEL = "-O";
				VALIDATE_PRODUCT = YES;
			};
			name = Release;
		};
		88B49FD927C88BB80093038C /* Debug */ = {
			isa = XCBuildConfiguration;
			baseConfigurationReference = 6E564E27CBF2667F7265B453 /* Pods-swift-dev-lab.debug.xcconfig */;
			buildSettings = {
				ASSETCATALOG_COMPILER_APPICON_NAME = AppIcon;
				ASSETCATALOG_COMPILER_GLOBAL_ACCENT_COLOR_NAME = AccentColor;
				CODE_SIGN_STYLE = Automatic;
				CURRENT_PROJECT_VERSION = 1;
				DEVELOPMENT_TEAM = P65LS7STQH;
				GENERATE_INFOPLIST_FILE = YES;
				INFOPLIST_FILE = "swift-dev-lab/Info.plist";
				INFOPLIST_KEY_UIApplicationSupportsIndirectInputEvents = YES;
				INFOPLIST_KEY_UILaunchStoryboardName = LaunchScreen;
				INFOPLIST_KEY_UIMainStoryboardFile = Main;
				INFOPLIST_KEY_UISupportedInterfaceOrientations_iPad = "UIInterfaceOrientationPortrait UIInterfaceOrientationPortraitUpsideDown UIInterfaceOrientationLandscapeLeft UIInterfaceOrientationLandscapeRight";
				INFOPLIST_KEY_UISupportedInterfaceOrientations_iPhone = "UIInterfaceOrientationPortrait UIInterfaceOrientationLandscapeLeft UIInterfaceOrientationLandscapeRight";
				IPHONEOS_DEPLOYMENT_TARGET = 14.4;
				LD_RUNPATH_SEARCH_PATHS = (
					"$(inherited)",
					"@executable_path/Frameworks",
				);
				MARKETING_VERSION = 1.0;
				PRODUCT_BUNDLE_IDENTIFIER = "srsj.swift-dev-lab";
				PRODUCT_NAME = "$(TARGET_NAME)";
				SWIFT_EMIT_LOC_STRINGS = YES;
				SWIFT_VERSION = 5.0;
				TARGETED_DEVICE_FAMILY = "1,2";
			};
			name = Debug;
		};
		88B49FDA27C88BB80093038C /* Release */ = {
			isa = XCBuildConfiguration;
			baseConfigurationReference = C08212E309A3668349FD3C06 /* Pods-swift-dev-lab.release.xcconfig */;
			buildSettings = {
				ASSETCATALOG_COMPILER_APPICON_NAME = AppIcon;
				ASSETCATALOG_COMPILER_GLOBAL_ACCENT_COLOR_NAME = AccentColor;
				CODE_SIGN_STYLE = Automatic;
				CURRENT_PROJECT_VERSION = 1;
				DEVELOPMENT_TEAM = P65LS7STQH;
				GENERATE_INFOPLIST_FILE = YES;
				INFOPLIST_FILE = "swift-dev-lab/Info.plist";
				INFOPLIST_KEY_UIApplicationSupportsIndirectInputEvents = YES;
				INFOPLIST_KEY_UILaunchStoryboardName = LaunchScreen;
				INFOPLIST_KEY_UIMainStoryboardFile = Main;
				INFOPLIST_KEY_UISupportedInterfaceOrientations_iPad = "UIInterfaceOrientationPortrait UIInterfaceOrientationPortraitUpsideDown UIInterfaceOrientationLandscapeLeft UIInterfaceOrientationLandscapeRight";
				INFOPLIST_KEY_UISupportedInterfaceOrientations_iPhone = "UIInterfaceOrientationPortrait UIInterfaceOrientationLandscapeLeft UIInterfaceOrientationLandscapeRight";
				IPHONEOS_DEPLOYMENT_TARGET = 14.4;
				LD_RUNPATH_SEARCH_PATHS = (
					"$(inherited)",
					"@executable_path/Frameworks",
				);
				MARKETING_VERSION = 1.0;
				PRODUCT_BUNDLE_IDENTIFIER = "srsj.swift-dev-lab";
				PRODUCT_NAME = "$(TARGET_NAME)";
				SWIFT_EMIT_LOC_STRINGS = YES;
				SWIFT_VERSION = 5.0;
				TARGETED_DEVICE_FAMILY = "1,2";
			};
			name = Release;
		};
		88B49FDC27C88BB80093038C /* Debug */ = {
			isa = XCBuildConfiguration;
			buildSettings = {
				ALWAYS_EMBED_SWIFT_STANDARD_LIBRARIES = YES;
				BUNDLE_LOADER = "$(TEST_HOST)";
				CODE_SIGN_STYLE = Automatic;
				CURRENT_PROJECT_VERSION = 1;
				DEVELOPMENT_TEAM = P65LS7STQH;
				GENERATE_INFOPLIST_FILE = YES;
				IPHONEOS_DEPLOYMENT_TARGET = 15.0;
				LD_RUNPATH_SEARCH_PATHS = (
					"$(inherited)",
					"@executable_path/Frameworks",
					"@loader_path/Frameworks",
				);
				MARKETING_VERSION = 1.0;
				PRODUCT_BUNDLE_IDENTIFIER = "srsj.swift-dev-labTests";
				PRODUCT_NAME = "$(TARGET_NAME)";
				SWIFT_EMIT_LOC_STRINGS = NO;
				SWIFT_VERSION = 5.0;
				TARGETED_DEVICE_FAMILY = "1,2";
				TEST_HOST = "$(BUILT_PRODUCTS_DIR)/swift-dev-lab.app/swift-dev-lab";
			};
			name = Debug;
		};
		88B49FDD27C88BB80093038C /* Release */ = {
			isa = XCBuildConfiguration;
			buildSettings = {
				ALWAYS_EMBED_SWIFT_STANDARD_LIBRARIES = YES;
				BUNDLE_LOADER = "$(TEST_HOST)";
				CODE_SIGN_STYLE = Automatic;
				CURRENT_PROJECT_VERSION = 1;
				DEVELOPMENT_TEAM = P65LS7STQH;
				GENERATE_INFOPLIST_FILE = YES;
				IPHONEOS_DEPLOYMENT_TARGET = 15.0;
				LD_RUNPATH_SEARCH_PATHS = (
					"$(inherited)",
					"@executable_path/Frameworks",
					"@loader_path/Frameworks",
				);
				MARKETING_VERSION = 1.0;
				PRODUCT_BUNDLE_IDENTIFIER = "srsj.swift-dev-labTests";
				PRODUCT_NAME = "$(TARGET_NAME)";
				SWIFT_EMIT_LOC_STRINGS = NO;
				SWIFT_VERSION = 5.0;
				TARGETED_DEVICE_FAMILY = "1,2";
				TEST_HOST = "$(BUILT_PRODUCTS_DIR)/swift-dev-lab.app/swift-dev-lab";
			};
			name = Release;
		};
		88B49FDF27C88BB80093038C /* Debug */ = {
			isa = XCBuildConfiguration;
			buildSettings = {
				ALWAYS_EMBED_SWIFT_STANDARD_LIBRARIES = YES;
				CODE_SIGN_STYLE = Automatic;
				CURRENT_PROJECT_VERSION = 1;
				DEVELOPMENT_TEAM = P65LS7STQH;
				GENERATE_INFOPLIST_FILE = YES;
				LD_RUNPATH_SEARCH_PATHS = (
					"$(inherited)",
					"@executable_path/Frameworks",
					"@loader_path/Frameworks",
				);
				MARKETING_VERSION = 1.0;
				PRODUCT_BUNDLE_IDENTIFIER = "srsj.swift-dev-labUITests";
				PRODUCT_NAME = "$(TARGET_NAME)";
				SWIFT_EMIT_LOC_STRINGS = NO;
				SWIFT_VERSION = 5.0;
				TARGETED_DEVICE_FAMILY = "1,2";
				TEST_TARGET_NAME = "swift-dev-lab";
			};
			name = Debug;
		};
		88B49FE027C88BB80093038C /* Release */ = {
			isa = XCBuildConfiguration;
			buildSettings = {
				ALWAYS_EMBED_SWIFT_STANDARD_LIBRARIES = YES;
				CODE_SIGN_STYLE = Automatic;
				CURRENT_PROJECT_VERSION = 1;
				DEVELOPMENT_TEAM = P65LS7STQH;
				GENERATE_INFOPLIST_FILE = YES;
				LD_RUNPATH_SEARCH_PATHS = (
					"$(inherited)",
					"@executable_path/Frameworks",
					"@loader_path/Frameworks",
				);
				MARKETING_VERSION = 1.0;
				PRODUCT_BUNDLE_IDENTIFIER = "srsj.swift-dev-labUITests";
				PRODUCT_NAME = "$(TARGET_NAME)";
				SWIFT_EMIT_LOC_STRINGS = NO;
				SWIFT_VERSION = 5.0;
				TARGETED_DEVICE_FAMILY = "1,2";
				TEST_TARGET_NAME = "swift-dev-lab";
			};
			name = Release;
		};
/* End XCBuildConfiguration section */

/* Begin XCConfigurationList section */
		88B49FA927C88BB50093038C /* Build configuration list for PBXProject "swift-dev-lab" */ = {
			isa = XCConfigurationList;
			buildConfigurations = (
				88B49FD627C88BB80093038C /* Debug */,
				88B49FD727C88BB80093038C /* Release */,
			);
			defaultConfigurationIsVisible = 0;
			defaultConfigurationName = Release;
		};
		88B49FD827C88BB80093038C /* Build configuration list for PBXNativeTarget "swift-dev-lab" */ = {
			isa = XCConfigurationList;
			buildConfigurations = (
				88B49FD927C88BB80093038C /* Debug */,
				88B49FDA27C88BB80093038C /* Release */,
			);
			defaultConfigurationIsVisible = 0;
			defaultConfigurationName = Release;
		};
		88B49FDB27C88BB80093038C /* Build configuration list for PBXNativeTarget "swift-dev-labTests" */ = {
			isa = XCConfigurationList;
			buildConfigurations = (
				88B49FDC27C88BB80093038C /* Debug */,
				88B49FDD27C88BB80093038C /* Release */,
			);
			defaultConfigurationIsVisible = 0;
			defaultConfigurationName = Release;
		};
		88B49FDE27C88BB80093038C /* Build configuration list for PBXNativeTarget "swift-dev-labUITests" */ = {
			isa = XCConfigurationList;
			buildConfigurations = (
				88B49FDF27C88BB80093038C /* Debug */,
				88B49FE027C88BB80093038C /* Release */,
			);
			defaultConfigurationIsVisible = 0;
			defaultConfigurationName = Release;
		};
/* End XCConfigurationList section */
	};
	rootObject = 88B49FA627C88BB50093038C /* Project object */;
}
